
Microsoft Visual Studio Solution File, Format Version 12.00
# Visual Studio Version 16
VisualStudioVersion = 16.0.29613.14
MinimumVisualStudioVersion = 10.0.40219.1
Project("{FAE04EC0-301F-11D3-BF4B-00C04F79EFBC}") = "CheapLoansWPF", "CheapLoansWPF.csproj", "{2E175AF7-9907-4B33-BF11-EFE00DC0DBE8}"
EndProject
Global
	GlobalSection(SolutionConfigurationPlatforms) = preSolution
		Debug|Any CPU = Debug|Any CPU
		Release|Any CPU = Release|Any CPU
	EndGlobalSection
	GlobalSection(ProjectConfigurationPlatforms) = postSolution
		{2E175AF7-9907-4B33-BF11-EFE00DC0DBE8}.Debug|Any CPU.ActiveCfg = Debug|Any CPU
		{2E175AF7-9907-4B33-BF11-EFE00DC0DBE8}.Debug|Any CPU.Build.0 = Debug|Any CPU
		{2E175AF7-9907-4B33-BF11-EFE00DC0DBE8}.Release|Any CPU.ActiveCfg = Release|Any CPU
		{2E175AF7-9907-4B33-BF11-EFE00DC0DBE8}.Release|Any CPU.Build.0 = Release|Any CPU
	EndGlobalSection
	GlobalSection(SolutionProperties) = preSolution
		HideSolutionNode = FALSE
	EndGlobalSection
	GlobalSection(ExtensibilityGlobals) = postSolution
		SolutionGuid = {96EAEA14-AFA8-493F-882D-91A228CBFA90}
	EndGlobalSection
EndGlobal
